
Microsoft Visual Studio Solution File, Format Version 11.00
# Visual Studio 2010
Project("{FAE04EC0-301F-11D3-BF4B-00C04F79EFBC}") = "task13-6", "task13-6\task13-6.csproj", "{84125D0C-6309-40CE-9384-15F232D0AFB1}"
EndProject
Global
	GlobalSection(SolutionConfigurationPlatforms) = preSolution
		Debug|x86 = Debug|x86
		Release|x86 = Release|x86
	EndGlobalSection
	GlobalSection(ProjectConfigurationPlatforms) = postSolution
		{84125D0C-6309-40CE-9384-15F232D0AFB1}.Debug|x86.ActiveCfg = Debug|x86
		{84125D0C-6309-40CE-9384-15F232D0AFB1}.Debug|x86.Build.0 = Debug|x86
		{84125D0C-6309-40CE-9384-15F232D0AFB1}.Release|x86.ActiveCfg = Release|x86
		{84125D0C-6309-40CE-9384-15F232D0AFB1}.Release|x86.Build.0 = Release|x86
	EndGlobalSection
	GlobalSection(MonoDevelopProperties) = preSolution
		StartupItem = task13-6\task13-6.csproj
	EndGlobalSection
EndGlobal
