
Microsoft Visual Studio Solution File, Format Version 11.00
# Visual Studio 2010
Project("{FAE04EC0-301F-11D3-BF4B-00C04F79EFBC}") = "test4", "test4\test4.csproj", "{50F9CF23-C95C-4102-915E-69BEA2123BA4}"
EndProject
Global
	GlobalSection(SolutionConfigurationPlatforms) = preSolution
		Debug|x86 = Debug|x86
		Release|x86 = Release|x86
	EndGlobalSection
	GlobalSection(ProjectConfigurationPlatforms) = postSolution
		{50F9CF23-C95C-4102-915E-69BEA2123BA4}.Debug|x86.ActiveCfg = Debug|x86
		{50F9CF23-C95C-4102-915E-69BEA2123BA4}.Debug|x86.Build.0 = Debug|x86
		{50F9CF23-C95C-4102-915E-69BEA2123BA4}.Release|x86.ActiveCfg = Release|x86
		{50F9CF23-C95C-4102-915E-69BEA2123BA4}.Release|x86.Build.0 = Release|x86
	EndGlobalSection
	GlobalSection(MonoDevelopProperties) = preSolution
		StartupItem = test4\test4.csproj
	EndGlobalSection
EndGlobal
