
Microsoft Visual Studio Solution File, Format Version 11.00
# Visual Studio 2010
Project("{FAE04EC0-301F-11D3-BF4B-00C04F79EFBC}") = "task16-2", "task16-2\task16-2.csproj", "{9FC9920E-C22C-4A50-AF17-058596A983E0}"
EndProject
Global
	GlobalSection(SolutionConfigurationPlatforms) = preSolution
		Debug|x86 = Debug|x86
		Release|x86 = Release|x86
	EndGlobalSection
	GlobalSection(ProjectConfigurationPlatforms) = postSolution
		{9FC9920E-C22C-4A50-AF17-058596A983E0}.Debug|x86.ActiveCfg = Debug|x86
		{9FC9920E-C22C-4A50-AF17-058596A983E0}.Debug|x86.Build.0 = Debug|x86
		{9FC9920E-C22C-4A50-AF17-058596A983E0}.Release|x86.ActiveCfg = Release|x86
		{9FC9920E-C22C-4A50-AF17-058596A983E0}.Release|x86.Build.0 = Release|x86
	EndGlobalSection
	GlobalSection(MonoDevelopProperties) = preSolution
		StartupItem = task16-2\task16-2.csproj
	EndGlobalSection
EndGlobal
